
Microsoft Visual Studio Solution File, Format Version 12.00
# Visual Studio Version 17
VisualStudioVersion = 17.10.34928.147
MinimumVisualStudioVersion = 10.0.40219.1
Project("{FAE04EC0-301F-11D3-BF4B-00C04F79EFBC}") = "VPN Management", "VPN Management\VPN Management.csproj", "{3710A043-86B1-4960-86B6-452C17C7A1B7}"
EndProject
Project("{FAE04EC0-301F-11D3-BF4B-00C04F79EFBC}") = "VPN Management.Presintation", "VPN Management.Presintation\VPN Management.Presintation.csproj", "{0A135F99-873F-4958-8DE2-C5A59EFA7DF9}"
EndProject
Project("{FAE04EC0-301F-11D3-BF4B-00C04F79EFBC}") = "Entities", "Entities\Entities.csproj", "{B5A5E3CE-8454-4CB9-934A-6D3490A6994A}"
EndProject
Project("{FAE04EC0-301F-11D3-BF4B-00C04F79EFBC}") = "Repository", "Repository\Repository.csproj", "{11AA591F-1D76-46D4-BFE5-0BEB8E9F55C8}"
EndProject
Project("{FAE04EC0-301F-11D3-BF4B-00C04F79EFBC}") = "Contract", "Contract\Contract.csproj", "{207FDD9F-9F3B-48C0-BD26-4CBC77CD7F6F}"
EndProject
Project("{FAE04EC0-301F-11D3-BF4B-00C04F79EFBC}") = "Services", "Services\Services.csproj", "{A7D739AC-AE5D-47F7-BA88-B0CED0756CBF}"
EndProject
Project("{FAE04EC0-301F-11D3-BF4B-00C04F79EFBC}") = "Service.Contract", "Service.Contract\Service.Contract.csproj", "{4E6E25EA-AFC6-4B9C-ABAA-16D85E26C08C}"
EndProject
Global
	GlobalSection(SolutionConfigurationPlatforms) = preSolution
		Debug|Any CPU = Debug|Any CPU
		Release|Any CPU = Release|Any CPU
	EndGlobalSection
	GlobalSection(ProjectConfigurationPlatforms) = postSolution
		{3710A043-86B1-4960-86B6-452C17C7A1B7}.Debug|Any CPU.ActiveCfg = Debug|Any CPU
		{3710A043-86B1-4960-86B6-452C17C7A1B7}.Debug|Any CPU.Build.0 = Debug|Any CPU
		{3710A043-86B1-4960-86B6-452C17C7A1B7}.Release|Any CPU.ActiveCfg = Release|Any CPU
		{3710A043-86B1-4960-86B6-452C17C7A1B7}.Release|Any CPU.Build.0 = Release|Any CPU
		{0A135F99-873F-4958-8DE2-C5A59EFA7DF9}.Debug|Any CPU.ActiveCfg = Debug|Any CPU
		{0A135F99-873F-4958-8DE2-C5A59EFA7DF9}.Debug|Any CPU.Build.0 = Debug|Any CPU
		{0A135F99-873F-4958-8DE2-C5A59EFA7DF9}.Release|Any CPU.ActiveCfg = Release|Any CPU
		{0A135F99-873F-4958-8DE2-C5A59EFA7DF9}.Release|Any CPU.Build.0 = Release|Any CPU
		{B5A5E3CE-8454-4CB9-934A-6D3490A6994A}.Debug|Any CPU.ActiveCfg = Debug|Any CPU
		{B5A5E3CE-8454-4CB9-934A-6D3490A6994A}.Debug|Any CPU.Build.0 = Debug|Any CPU
		{B5A5E3CE-8454-4CB9-934A-6D3490A6994A}.Release|Any CPU.ActiveCfg = Release|Any CPU
		{B5A5E3CE-8454-4CB9-934A-6D3490A6994A}.Release|Any CPU.Build.0 = Release|Any CPU
		{11AA591F-1D76-46D4-BFE5-0BEB8E9F55C8}.Debug|Any CPU.ActiveCfg = Debug|Any CPU
		{11AA591F-1D76-46D4-BFE5-0BEB8E9F55C8}.Debug|Any CPU.Build.0 = Debug|Any CPU
		{11AA591F-1D76-46D4-BFE5-0BEB8E9F55C8}.Release|Any CPU.ActiveCfg = Release|Any CPU
		{11AA591F-1D76-46D4-BFE5-0BEB8E9F55C8}.Release|Any CPU.Build.0 = Release|Any CPU
		{207FDD9F-9F3B-48C0-BD26-4CBC77CD7F6F}.Debug|Any CPU.ActiveCfg = Debug|Any CPU
		{207FDD9F-9F3B-48C0-BD26-4CBC77CD7F6F}.Debug|Any CPU.Build.0 = Debug|Any CPU
		{207FDD9F-9F3B-48C0-BD26-4CBC77CD7F6F}.Release|Any CPU.ActiveCfg = Release|Any CPU
		{207FDD9F-9F3B-48C0-BD26-4CBC77CD7F6F}.Release|Any CPU.Build.0 = Release|Any CPU
		{A7D739AC-AE5D-47F7-BA88-B0CED0756CBF}.Debug|Any CPU.ActiveCfg = Debug|Any CPU
		{A7D739AC-AE5D-47F7-BA88-B0CED0756CBF}.Debug|Any CPU.Build.0 = Debug|Any CPU
		{A7D739AC-AE5D-47F7-BA88-B0CED0756CBF}.Release|Any CPU.ActiveCfg = Release|Any CPU
		{A7D739AC-AE5D-47F7-BA88-B0CED0756CBF}.Release|Any CPU.Build.0 = Release|Any CPU
		{4E6E25EA-AFC6-4B9C-ABAA-16D85E26C08C}.Debug|Any CPU.ActiveCfg = Debug|Any CPU
		{4E6E25EA-AFC6-4B9C-ABAA-16D85E26C08C}.Debug|Any CPU.Build.0 = Debug|Any CPU
		{4E6E25EA-AFC6-4B9C-ABAA-16D85E26C08C}.Release|Any CPU.ActiveCfg = Release|Any CPU
		{4E6E25EA-AFC6-4B9C-ABAA-16D85E26C08C}.Release|Any CPU.Build.0 = Release|Any CPU
	EndGlobalSection
	GlobalSection(SolutionProperties) = preSolution
		HideSolutionNode = FALSE
	EndGlobalSection
	GlobalSection(ExtensibilityGlobals) = postSolution
		SolutionGuid = {1210BF6E-44E0-41BB-B78F-B4E629174758}
	EndGlobalSection
EndGlobal
